// !$*UTF8*$!
{
	archiveVersion = 1;
	classes = {
	};
	objectVersion = 50;
	objects = {

/* Begin PBXBuildFile section */
		4E0ECDA926BF572C00D6324D /* AppDelegate.swift in Sources */ = {isa = PBXBuildFile; fileRef = 4E0ECDA826BF572C00D6324D /* AppDelegate.swift */; };
		4E0ECDAB26BF572C00D6324D /* SceneDelegate.swift in Sources */ = {isa = PBXBuildFile; fileRef = 4E0ECDAA26BF572C00D6324D /* SceneDelegate.swift */; };
		4E0ECDAD26BF572C00D6324D /* WorkoutViewController.swift in Sources */ = {isa = PBXBuildFile; fileRef = 4E0ECDAC26BF572C00D6324D /* WorkoutViewController.swift */; };
		4E0ECDB026BF572C00D6324D /* Main.storyboard in Resources */ = {isa = PBXBuildFile; fileRef = 4E0ECDAE26BF572C00D6324D /* Main.storyboard */; };
		4E0ECDB226BF572D00D6324D /* Assets.xcassets in Resources */ = {isa = PBXBuildFile; fileRef = 4E0ECDB126BF572D00D6324D /* Assets.xcassets */; };
		4E0ECDB526BF572D00D6324D /* LaunchScreen.storyboard in Resources */ = {isa = PBXBuildFile; fileRef = 4E0ECDB326BF572D00D6324D /* LaunchScreen.storyboard */; };
		4E294A6B26C394EC002BA36E /* Exercises.swift in Sources */ = {isa = PBXBuildFile; fileRef = 4E294A6A26C394EC002BA36E /* Exercises.swift */; };
		4E294A6D26C39691002BA36E /* Difficulty.swift in Sources */ = {isa = PBXBuildFile; fileRef = 4E294A6C26C39691002BA36E /* Difficulty.swift */; };
		4E294A6F26C39EA4002BA36E /* Body.swift in Sources */ = {isa = PBXBuildFile; fileRef = 4E294A6E26C39EA4002BA36E /* Body.swift */; };
		4E294A7526C4C5F6002BA36E /* Exercise.swift in Sources */ = {isa = PBXBuildFile; fileRef = 4E294A7426C4C5F6002BA36E /* Exercise.swift */; };
		4E294A7726C4C624002BA36E /* Variation.swift in Sources */ = {isa = PBXBuildFile; fileRef = 4E294A7626C4C624002BA36E /* Variation.swift */; };
		4E294A7C26C61D2A002BA36E /* SetupViewController.swift in Sources */ = {isa = PBXBuildFile; fileRef = 4E294A7B26C61D2A002BA36E /* SetupViewController.swift */; };
		4EAA3EFD26C237B4005B9868 /* PersonalTrainer.swift in Sources */ = {isa = PBXBuildFile; fileRef = 4EAA3EFC26C237B4005B9868 /* PersonalTrainer.swift */; };
		4EAA3EFF26C240A7005B9868 /* Equipment.swift in Sources */ = {isa = PBXBuildFile; fileRef = 4EAA3EFE26C240A7005B9868 /* Equipment.swift */; };
		4EAA3F0926C255F5005B9868 /* F.wav in Resources */ = {isa = PBXBuildFile; fileRef = 4EAA3F0226C255F5005B9868 /* F.wav */; };
		4EAA3F0A26C255F5005B9868 /* D.wav in Resources */ = {isa = PBXBuildFile; fileRef = 4EAA3F0326C255F5005B9868 /* D.wav */; };
		4EAA3F0B26C255F5005B9868 /* E.wav in Resources */ = {isa = PBXBuildFile; fileRef = 4EAA3F0426C255F5005B9868 /* E.wav */; };
		4EAA3F0C26C255F5005B9868 /* G.wav in Resources */ = {isa = PBXBuildFile; fileRef = 4EAA3F0526C255F5005B9868 /* G.wav */; };
		4EAA3F0D26C255F5005B9868 /* B.wav in Resources */ = {isa = PBXBuildFile; fileRef = 4EAA3F0626C255F5005B9868 /* B.wav */; };
		4EAA3F0E26C255F5005B9868 /* C.wav in Resources */ = {isa = PBXBuildFile; fileRef = 4EAA3F0726C255F5005B9868 /* C.wav */; };
		4EAA3F0F26C255F5005B9868 /* A.wav in Resources */ = {isa = PBXBuildFile; fileRef = 4EAA3F0826C255F5005B9868 /* A.wav */; };
/* End PBXBuildFile section */

/* Begin PBXFileReference section */
		4E0ECDA526BF572C00D6324D /* Werk It.app */ = {isa = PBXFileReference; explicitFileType = wrapper.application; includeInIndex = 0; path = "Werk It.app"; sourceTree = BUILT_PRODUCTS_DIR; };
		4E0ECDA826BF572C00D6324D /* AppDelegate.swift */ = {isa = PBXFileReference; lastKnownFileType = sourcecode.swift; path = AppDelegate.swift; sourceTree = "<group>"; };
		4E0ECDAA26BF572C00D6324D /* SceneDelegate.swift */ = {isa = PBXFileReference; lastKnownFileType = sourcecode.swift; path = SceneDelegate.swift; sourceTree = "<group>"; };
		4E0ECDAC26BF572C00D6324D /* WorkoutViewController.swift */ = {isa = PBXFileReference; lastKnownFileType = sourcecode.swift; path = WorkoutViewController.swift; sourceTree = "<group>"; };
		4E0ECDAF26BF572C00D6324D /* Base */ = {isa = PBXFileReference; lastKnownFileType = file.storyboard; name = Base; path = Base.lproj/Main.storyboard; sourceTree = "<group>"; };
		4E0ECDB126BF572D00D6324D /* Assets.xcassets */ = {isa = PBXFileReference; lastKnownFileType = folder.assetcatalog; path = Assets.xcassets; sourceTree = "<group>"; };
		4E0ECDB426BF572D00D6324D /* Base */ = {isa = PBXFileReference; lastKnownFileType = file.storyboard; name = Base; path = Base.lproj/LaunchScreen.storyboard; sourceTree = "<group>"; };
		4E0ECDB626BF572D00D6324D /* Info.plist */ = {isa = PBXFileReference; lastKnownFileType = text.plist.xml; path = Info.plist; sourceTree = "<group>"; };
		4E294A6A26C394EC002BA36E /* Exercises.swift */ = {isa = PBXFileReference; lastKnownFileType = sourcecode.swift; path = Exercises.swift; sourceTree = "<group>"; };
		4E294A6C26C39691002BA36E /* Difficulty.swift */ = {isa = PBXFileReference; lastKnownFileType = sourcecode.swift; path = Difficulty.swift; sourceTree = "<group>"; };
		4E294A6E26C39EA4002BA36E /* Body.swift */ = {isa = PBXFileReference; lastKnownFileType = sourcecode.swift; path = Body.swift; sourceTree = "<group>"; };
		4E294A7426C4C5F6002BA36E /* Exercise.swift */ = {isa = PBXFileReference; lastKnownFileType = sourcecode.swift; path = Exercise.swift; sourceTree = "<group>"; };
		4E294A7626C4C624002BA36E /* Variation.swift */ = {isa = PBXFileReference; lastKnownFileType = sourcecode.swift; path = Variation.swift; sourceTree = "<group>"; };
		4E294A7B26C61D2A002BA36E /* SetupViewController.swift */ = {isa = PBXFileReference; lastKnownFileType = sourcecode.swift; path = SetupViewController.swift; sourceTree = "<group>"; };
		4EAA3EFC26C237B4005B9868 /* PersonalTrainer.swift */ = {isa = PBXFileReference; lastKnownFileType = sourcecode.swift; path = PersonalTrainer.swift; sourceTree = "<group>"; };
		4EAA3EFE26C240A7005B9868 /* Equipment.swift */ = {isa = PBXFileReference; lastKnownFileType = sourcecode.swift; path = Equipment.swift; sourceTree = "<group>"; };
		4EAA3F0226C255F5005B9868 /* F.wav */ = {isa = PBXFileReference; lastKnownFileType = audio.wav; path = F.wav; sourceTree = "<group>"; };
		4EAA3F0326C255F5005B9868 /* D.wav */ = {isa = PBXFileReference; lastKnownFileType = audio.wav; path = D.wav; sourceTree = "<group>"; };
		4EAA3F0426C255F5005B9868 /* E.wav */ = {isa = PBXFileReference; lastKnownFileType = audio.wav; path = E.wav; sourceTree = "<group>"; };
		4EAA3F0526C255F5005B9868 /* G.wav */ = {isa = PBXFileReference; lastKnownFileType = audio.wav; path = G.wav; sourceTree = "<group>"; };
		4EAA3F0626C255F5005B9868 /* B.wav */ = {isa = PBXFileReference; lastKnownFileType = audio.wav; path = B.wav; sourceTree = "<group>"; };
		4EAA3F0726C255F5005B9868 /* C.wav */ = {isa = PBXFileReference; lastKnownFileType = audio.wav; path = C.wav; sourceTree = "<group>"; };
		4EAA3F0826C255F5005B9868 /* A.wav */ = {isa = PBXFileReference; lastKnownFileType = audio.wav; path = A.wav; sourceTree = "<group>"; };
/* End PBXFileReference section */

/* Begin PBXFrameworksBuildPhase section */
		4E0ECDA226BF572C00D6324D /* Frameworks */ = {
			isa = PBXFrameworksBuildPhase;
			buildActionMask = 2147483647;
			files = (
			);
			runOnlyForDeploymentPostprocessing = 0;
		};
/* End PBXFrameworksBuildPhase section */

/* Begin PBXGroup section */
		4E0ECD9C26BF572C00D6324D = {
			isa = PBXGroup;
			children = (
				4E0ECDA726BF572C00D6324D /* Werk It */,
				4E0ECDA626BF572C00D6324D /* Products */,
			);
			sourceTree = "<group>";
		};
		4E0ECDA626BF572C00D6324D /* Products */ = {
			isa = PBXGroup;
			children = (
				4E0ECDA526BF572C00D6324D /* Werk It.app */,
			);
			name = Products;
			sourceTree = "<group>";
		};
		4E0ECDA726BF572C00D6324D /* Werk It */ = {
			isa = PBXGroup;
			children = (
				4E0ECDA826BF572C00D6324D /* AppDelegate.swift */,
				4E0ECDAA26BF572C00D6324D /* SceneDelegate.swift */,
				4EAA3EFB26C2370A005B9868 /* Model */,
				4E0ECDC526C1E5FD00D6324D /* View */,
				4EAA3EF826C236B4005B9868 /* Controller */,
				4EAA3F1026C255FE005B9868 /* Sounds */,
				4E0ECDB126BF572D00D6324D /* Assets.xcassets */,
				4E0ECDB626BF572D00D6324D /* Info.plist */,
			);
			path = "Werk It";
			sourceTree = "<group>";
		};
		4E0ECDC526C1E5FD00D6324D /* View */ = {
			isa = PBXGroup;
			children = (
				4E0ECDAE26BF572C00D6324D /* Main.storyboard */,
				4E0ECDB326BF572D00D6324D /* LaunchScreen.storyboard */,
			);
			path = View;
			sourceTree = "<group>";
		};
		4EAA3EF826C236B4005B9868 /* Controller */ = {
			isa = PBXGroup;
			children = (
				4E0ECDAC26BF572C00D6324D /* WorkoutViewController.swift */,
				4E294A7B26C61D2A002BA36E /* SetupViewController.swift */,
			);
			path = Controller;
			sourceTree = "<group>";
		};
		4EAA3EFB26C2370A005B9868 /* Model */ = {
			isa = PBXGroup;
			children = (
				4E294A6A26C394EC002BA36E /* Exercises.swift */,
				4EAA3EFE26C240A7005B9868 /* Equipment.swift */,
				4EAA3EFC26C237B4005B9868 /* PersonalTrainer.swift */,
				4E294A6C26C39691002BA36E /* Difficulty.swift */,
				4E294A6E26C39EA4002BA36E /* Body.swift */,
				4E294A7426C4C5F6002BA36E /* Exercise.swift */,
				4E294A7626C4C624002BA36E /* Variation.swift */,
			);
			path = Model;
			sourceTree = "<group>";
		};
		4EAA3F1026C255FE005B9868 /* Sounds */ = {
			isa = PBXGroup;
			children = (
				4EAA3F0826C255F5005B9868 /* A.wav */,
				4EAA3F0626C255F5005B9868 /* B.wav */,
				4EAA3F0726C255F5005B9868 /* C.wav */,
				4EAA3F0326C255F5005B9868 /* D.wav */,
				4EAA3F0426C255F5005B9868 /* E.wav */,
				4EAA3F0226C255F5005B9868 /* F.wav */,
				4EAA3F0526C255F5005B9868 /* G.wav */,
			);
			path = Sounds;
			sourceTree = "<group>";
		};
/* End PBXGroup section */

/* Begin PBXNativeTarget section */
		4E0ECDA426BF572C00D6324D /* Werk It */ = {
			isa = PBXNativeTarget;
			buildConfigurationList = 4E0ECDB926BF572D00D6324D /* Build configuration list for PBXNativeTarget "Werk It" */;
			buildPhases = (
				4E0ECDA126BF572C00D6324D /* Sources */,
				4E0ECDA226BF572C00D6324D /* Frameworks */,
				4E0ECDA326BF572C00D6324D /* Resources */,
			);
			buildRules = (
			);
			dependencies = (
			);
			name = "Werk It";
			productName = "Werk It";
			productReference = 4E0ECDA526BF572C00D6324D /* Werk It.app */;
			productType = "com.apple.product-type.application";
		};
/* End PBXNativeTarget section */

/* Begin PBXProject section */
		4E0ECD9D26BF572C00D6324D /* Project object */ = {
			isa = PBXProject;
			attributes = {
				LastSwiftUpdateCheck = 1250;
				LastUpgradeCheck = 1250;
				TargetAttributes = {
					4E0ECDA426BF572C00D6324D = {
						CreatedOnToolsVersion = 12.5.1;
					};
				};
			};
			buildConfigurationList = 4E0ECDA026BF572C00D6324D /* Build configuration list for PBXProject "Werk It" */;
			compatibilityVersion = "Xcode 9.3";
			developmentRegion = en;
			hasScannedForEncodings = 0;
			knownRegions = (
				en,
				Base,
			);
			mainGroup = 4E0ECD9C26BF572C00D6324D;
			productRefGroup = 4E0ECDA626BF572C00D6324D /* Products */;
			projectDirPath = "";
			projectRoot = "";
			targets = (
				4E0ECDA426BF572C00D6324D /* Werk It */,
			);
		};
/* End PBXProject section */

/* Begin PBXResourcesBuildPhase section */
		4E0ECDA326BF572C00D6324D /* Resources */ = {
			isa = PBXResourcesBuildPhase;
			buildActionMask = 2147483647;
			files = (
				4EAA3F0B26C255F5005B9868 /* E.wav in Resources */,
				4E0ECDB526BF572D00D6324D /* LaunchScreen.storyboard in Resources */,
				4E0ECDB226BF572D00D6324D /* Assets.xcassets in Resources */,
				4EAA3F0E26C255F5005B9868 /* C.wav in Resources */,
				4EAA3F0D26C255F5005B9868 /* B.wav in Resources */,
				4EAA3F0A26C255F5005B9868 /* D.wav in Resources */,
				4EAA3F0C26C255F5005B9868 /* G.wav in Resources */,
				4E0ECDB026BF572C00D6324D /* Main.storyboard in Resources */,
				4EAA3F0F26C255F5005B9868 /* A.wav in Resources */,
				4EAA3F0926C255F5005B9868 /* F.wav in Resources */,
			);
			runOnlyForDeploymentPostprocessing = 0;
		};
/* End PBXResourcesBuildPhase section */

/* Begin PBXSourcesBuildPhase section */
		4E0ECDA126BF572C00D6324D /* Sources */ = {
			isa = PBXSourcesBuildPhase;
			buildActionMask = 2147483647;
			files = (
				4E0ECDAD26BF572C00D6324D /* WorkoutViewController.swift in Sources */,
				4E0ECDA926BF572C00D6324D /* AppDelegate.swift in Sources */,
				4E294A6F26C39EA4002BA36E /* Body.swift in Sources */,
				4E294A7C26C61D2A002BA36E /* SetupViewController.swift in Sources */,
				4E294A6B26C394EC002BA36E /* Exercises.swift in Sources */,
				4EAA3EFF26C240A7005B9868 /* Equipment.swift in Sources */,
				4E294A7726C4C624002BA36E /* Variation.swift in Sources */,
				4E294A7526C4C5F6002BA36E /* Exercise.swift in Sources */,
				4EAA3EFD26C237B4005B9868 /* PersonalTrainer.swift in Sources */,
				4E294A6D26C39691002BA36E /* Difficulty.swift in Sources */,
				4E0ECDAB26BF572C00D6324D /* SceneDelegate.swift in Sources */,
			);
			runOnlyForDeploymentPostprocessing = 0;
		};
/* End PBXSourcesBuildPhase section */

/* Begin PBXVariantGroup section */
		4E0ECDAE26BF572C00D6324D /* Main.storyboard */ = {
			isa = PBXVariantGroup;
			children = (
				4E0ECDAF26BF572C00D6324D /* Base */,
			);
			name = Main.storyboard;
			sourceTree = "<group>";
		};
		4E0ECDB326BF572D00D6324D /* LaunchScreen.storyboard */ = {
			isa = PBXVariantGroup;
			children = (
				4E0ECDB426BF572D00D6324D /* Base */,
			);
			name = LaunchScreen.storyboard;
			sourceTree = "<group>";
		};
/* End PBXVariantGroup section */

/* Begin XCBuildConfiguration section */
		4E0ECDB726BF572D00D6324D /* Debug */ = {
			isa = XCBuildConfiguration;
			buildSettings = {
				ALWAYS_SEARCH_USER_PATHS = NO;
				CLANG_ANALYZER_NONNULL = YES;
				CLANG_ANALYZER_NUMBER_OBJECT_CONVERSION = YES_AGGRESSIVE;
				CLANG_CXX_LANGUAGE_STANDARD = "gnu++14";
				CLANG_CXX_LIBRARY = "libc++";
				CLANG_ENABLE_MODULES = YES;
				CLANG_ENABLE_OBJC_ARC = YES;
				CLANG_ENABLE_OBJC_WEAK = YES;
				CLANG_WARN_BLOCK_CAPTURE_AUTORELEASING = YES;
				CLANG_WARN_BOOL_CONVERSION = YES;
				CLANG_WARN_COMMA = YES;
				CLANG_WARN_CONSTANT_CONVERSION = YES;
				CLANG_WARN_DEPRECATED_OBJC_IMPLEMENTATIONS = YES;
				CLANG_WARN_DIRECT_OBJC_ISA_USAGE = YES_ERROR;
				CLANG_WARN_DOCUMENTATION_COMMENTS = YES;
				CLANG_WARN_EMPTY_BODY = YES;
				CLANG_WARN_ENUM_CONVERSION = YES;
				CLANG_WARN_INFINITE_RECURSION = YES;
				CLANG_WARN_INT_CONVERSION = YES;
				CLANG_WARN_NON_LITERAL_NULL_CONVERSION = YES;
				CLANG_WARN_OBJC_IMPLICIT_RETAIN_SELF = YES;
				CLANG_WARN_OBJC_LITERAL_CONVERSION = YES;
				CLANG_WARN_OBJC_ROOT_CLASS = YES_ERROR;
				CLANG_WARN_QUOTED_INCLUDE_IN_FRAMEWORK_HEADER = YES;
				CLANG_WARN_RANGE_LOOP_ANALYSIS = YES;
				CLANG_WARN_STRICT_PROTOTYPES = YES;
				CLANG_WARN_SUSPICIOUS_MOVE = YES;
				CLANG_WARN_UNGUARDED_AVAILABILITY = YES_AGGRESSIVE;
				CLANG_WARN_UNREACHABLE_CODE = YES;
				CLANG_WARN__DUPLICATE_METHOD_MATCH = YES;
				COPY_PHASE_STRIP = NO;
				DEBUG_INFORMATION_FORMAT = dwarf;
				ENABLE_STRICT_OBJC_MSGSEND = YES;
				ENABLE_TESTABILITY = YES;
				GCC_C_LANGUAGE_STANDARD = gnu11;
				GCC_DYNAMIC_NO_PIC = NO;
				GCC_NO_COMMON_BLOCKS = YES;
				GCC_OPTIMIZATION_LEVEL = 0;
				GCC_PREPROCESSOR_DEFINITIONS = (
					"DEBUG=1",
					"$(inherited)",
				);
				GCC_WARN_64_TO_32_BIT_CONVERSION = YES;
				GCC_WARN_ABOUT_RETURN_TYPE = YES_ERROR;
				GCC_WARN_UNDECLARED_SELECTOR = YES;
				GCC_WARN_UNINITIALIZED_AUTOS = YES_AGGRESSIVE;
				GCC_WARN_UNUSED_FUNCTION = YES;
				GCC_WARN_UNUSED_VARIABLE = YES;
				IPHONEOS_DEPLOYMENT_TARGET = 14.5;
				MTL_ENABLE_DEBUG_INFO = INCLUDE_SOURCE;
				MTL_FAST_MATH = YES;
				ONLY_ACTIVE_ARCH = YES;
				SDKROOT = iphoneos;
				SWIFT_ACTIVE_COMPILATION_CONDITIONS = DEBUG;
				SWIFT_OPTIMIZATION_LEVEL = "-Onone";
			};
			name = Debug;
		};
		4E0ECDB826BF572D00D6324D /* Release */ = {
			isa = XCBuildConfiguration;
			buildSettings = {
				ALWAYS_SEARCH_USER_PATHS = NO;
				CLANG_ANALYZER_NONNULL = YES;
				CLANG_ANALYZER_NUMBER_OBJECT_CONVERSION = YES_AGGRESSIVE;
				CLANG_CXX_LANGUAGE_STANDARD = "gnu++14";
				CLANG_CXX_LIBRARY = "libc++";
				CLANG_ENABLE_MODULES = YES;
				CLANG_ENABLE_OBJC_ARC = YES;
				CLANG_ENABLE_OBJC_WEAK = YES;
				CLANG_WARN_BLOCK_CAPTURE_AUTORELEASING = YES;
				CLANG_WARN_BOOL_CONVERSION = YES;
				CLANG_WARN_COMMA = YES;
				CLANG_WARN_CONSTANT_CONVERSION = YES;
				CLANG_WARN_DEPRECATED_OBJC_IMPLEMENTATIONS = YES;
				CLANG_WARN_DIRECT_OBJC_ISA_USAGE = YES_ERROR;
				CLANG_WARN_DOCUMENTATION_COMMENTS = YES;
				CLANG_WARN_EMPTY_BODY = YES;
				CLANG_WARN_ENUM_CONVERSION = YES;
				CLANG_WARN_INFINITE_RECURSION = YES;
				CLANG_WARN_INT_CONVERSION = YES;
				CLANG_WARN_NON_LITERAL_NULL_CONVERSION = YES;
				CLANG_WARN_OBJC_IMPLICIT_RETAIN_SELF = YES;
				CLANG_WARN_OBJC_LITERAL_CONVERSION = YES;
				CLANG_WARN_OBJC_ROOT_CLASS = YES_ERROR;
				CLANG_WARN_QUOTED_INCLUDE_IN_FRAMEWORK_HEADER = YES;
				CLANG_WARN_RANGE_LOOP_ANALYSIS = YES;
				CLANG_WARN_STRICT_PROTOTYPES = YES;
				CLANG_WARN_SUSPICIOUS_MOVE = YES;
				CLANG_WARN_UNGUARDED_AVAILABILITY = YES_AGGRESSIVE;
				CLANG_WARN_UNREACHABLE_CODE = YES;
				CLANG_WARN__DUPLICATE_METHOD_MATCH = YES;
				COPY_PHASE_STRIP = NO;
				DEBUG_INFORMATION_FORMAT = "dwarf-with-dsym";
				ENABLE_NS_ASSERTIONS = NO;
				ENABLE_STRICT_OBJC_MSGSEND = YES;
				GCC_C_LANGUAGE_STANDARD = gnu11;
				GCC_NO_COMMON_BLOCKS = YES;
				GCC_WARN_64_TO_32_BIT_CONVERSION = YES;
				GCC_WARN_ABOUT_RETURN_TYPE = YES_ERROR;
				GCC_WARN_UNDECLARED_SELECTOR = YES;
				GCC_WARN_UNINITIALIZED_AUTOS = YES_AGGRESSIVE;
				GCC_WARN_UNUSED_FUNCTION = YES;
				GCC_WARN_UNUSED_VARIABLE = YES;
				IPHONEOS_DEPLOYMENT_TARGET = 14.5;
				MTL_ENABLE_DEBUG_INFO = NO;
				MTL_FAST_MATH = YES;
				SDKROOT = iphoneos;
				SWIFT_COMPILATION_MODE = wholemodule;
				SWIFT_OPTIMIZATION_LEVEL = "-O";
				VALIDATE_PRODUCT = YES;
			};
			name = Release;
		};
		4E0ECDBA26BF572D00D6324D /* Debug */ = {
			isa = XCBuildConfiguration;
			buildSettings = {
				ASSETCATALOG_COMPILER_APPICON_NAME = AppIcon;
				ASSETCATALOG_COMPILER_GLOBAL_ACCENT_COLOR_NAME = AccentColor;
				CODE_SIGN_STYLE = Automatic;
				DEVELOPMENT_TEAM = GH868RP95T;
				INFOPLIST_FILE = "Werk It/Info.plist";
				LD_RUNPATH_SEARCH_PATHS = (
					"$(inherited)",
					"@executable_path/Frameworks",
				);
				PRODUCT_BUNDLE_IDENTIFIER = "com.recursecreative.Werk-It";
				PRODUCT_NAME = "$(TARGET_NAME)";
				SWIFT_VERSION = 5.0;
				TARGETED_DEVICE_FAMILY = "1,2";
			};
			name = Debug;
		};
		4E0ECDBB26BF572D00D6324D /* Release */ = {
			isa = XCBuildConfiguration;
			buildSettings = {
				ASSETCATALOG_COMPILER_APPICON_NAME = AppIcon;
				ASSETCATALOG_COMPILER_GLOBAL_ACCENT_COLOR_NAME = AccentColor;
				CODE_SIGN_STYLE = Automatic;
				DEVELOPMENT_TEAM = GH868RP95T;
				INFOPLIST_FILE = "Werk It/Info.plist";
				LD_RUNPATH_SEARCH_PATHS = (
					"$(inherited)",
					"@executable_path/Frameworks",
				);
				PRODUCT_BUNDLE_IDENTIFIER = "com.recursecreative.Werk-It";
				PRODUCT_NAME = "$(TARGET_NAME)";
				SWIFT_VERSION = 5.0;
				TARGETED_DEVICE_FAMILY = "1,2";
			};
			name = Release;
		};
/* End XCBuildConfiguration section */

/* Begin XCConfigurationList section */
		4E0ECDA026BF572C00D6324D /* Build configuration list for PBXProject "Werk It" */ = {
			isa = XCConfigurationList;
			buildConfigurations = (
				4E0ECDB726BF572D00D6324D /* Debug */,
				4E0ECDB826BF572D00D6324D /* Release */,
			);
			defaultConfigurationIsVisible = 0;
			defaultConfigurationName = Release;
		};
		4E0ECDB926BF572D00D6324D /* Build configuration list for PBXNativeTarget "Werk It" */ = {
			isa = XCConfigurationList;
			buildConfigurations = (
				4E0ECDBA26BF572D00D6324D /* Debug */,
				4E0ECDBB26BF572D00D6324D /* Release */,
			);
			defaultConfigurationIsVisible = 0;
			defaultConfigurationName = Release;
		};
/* End XCConfigurationList section */
	};
	rootObject = 4E0ECD9D26BF572C00D6324D /* Project object */;
}
